
Microsoft Visual Studio Solution File, Format Version 12.00
# Visual Studio Version 17
VisualStudioVersion = 17.14.36414.22 d17.14
MinimumVisualStudioVersion = 10.0.40219.1
Project("{FAE04EC0-301F-11D3-BF4B-00C04F79EFBC}") = "ResponsiJunpro", "ResponsiJunpro.csproj", "{7409CC19-3574-44D3-8689-56239D2ACBFC}"
EndProject
Global
	GlobalSection(SolutionConfigurationPlatforms) = preSolution
		Debug|Any CPU = Debug|Any CPU
		Release|Any CPU = Release|Any CPU
	EndGlobalSection
	GlobalSection(ProjectConfigurationPlatforms) = postSolution
		{7409CC19-3574-44D3-8689-56239D2ACBFC}.Debug|Any CPU.ActiveCfg = Debug|Any CPU
		{7409CC19-3574-44D3-8689-56239D2ACBFC}.Debug|Any CPU.Build.0 = Debug|Any CPU
		{7409CC19-3574-44D3-8689-56239D2ACBFC}.Release|Any CPU.ActiveCfg = Release|Any CPU
		{7409CC19-3574-44D3-8689-56239D2ACBFC}.Release|Any CPU.Build.0 = Release|Any CPU
	EndGlobalSection
	GlobalSection(SolutionProperties) = preSolution
		HideSolutionNode = FALSE
	EndGlobalSection
	GlobalSection(ExtensibilityGlobals) = postSolution
		SolutionGuid = {0CBF9904-8F7B-4B8E-9549-E1C08ACF43C6}
	EndGlobalSection
EndGlobal
